// !$*UTF8*$!
{
	archiveVersion = 1;
	classes = {
	};
	objectVersion = 50;
	objects = {

/* Begin PBXBuildFile section */
		004764FF25CC017300F1A1E4 /* LigandParser.swift in Sources */ = {isa = PBXBuildFile; fileRef = 004764FE25CC017300F1A1E4 /* LigandParser.swift */; };
		0047650125CC076E00F1A1E4 /* LigandManager.swift in Sources */ = {isa = PBXBuildFile; fileRef = 0047650025CC076E00F1A1E4 /* LigandManager.swift */; };
		0047650325CC1C8700F1A1E4 /* CustomErrors.swift in Sources */ = {isa = PBXBuildFile; fileRef = 0047650225CC1C8600F1A1E4 /* CustomErrors.swift */; };
		00663F4525C2E4EF00D36116 /* ProteinListVC.storyboard in Resources */ = {isa = PBXBuildFile; fileRef = 00663F4425C2E4EF00D36116 /* ProteinListVC.storyboard */; };
		00663F4725C2E50B00D36116 /* ProteinListVC.swift in Sources */ = {isa = PBXBuildFile; fileRef = 00663F4625C2E50B00D36116 /* ProteinListVC.swift */; };
		00879DDF25C2E20C00C7DFC3 /* AppDelegate.swift in Sources */ = {isa = PBXBuildFile; fileRef = 00879DDE25C2E20C00C7DFC3 /* AppDelegate.swift */; };
		00879DE325C2E20C00C7DFC3 /* LoginVC.swift in Sources */ = {isa = PBXBuildFile; fileRef = 00879DE225C2E20C00C7DFC3 /* LoginVC.swift */; };
		00879DE625C2E20C00C7DFC3 /* LoginVC.storyboard in Resources */ = {isa = PBXBuildFile; fileRef = 00879DE425C2E20C00C7DFC3 /* LoginVC.storyboard */; };
		00879DE825C2E20E00C7DFC3 /* Assets.xcassets in Resources */ = {isa = PBXBuildFile; fileRef = 00879DE725C2E20E00C7DFC3 /* Assets.xcassets */; };
		00879DEB25C2E20E00C7DFC3 /* LaunchScreen.storyboard in Resources */ = {isa = PBXBuildFile; fileRef = 00879DE925C2E20E00C7DFC3 /* LaunchScreen.storyboard */; };
		008E5CFA25C95F4000B293A2 /* ProteinListModel.swift in Sources */ = {isa = PBXBuildFile; fileRef = 008E5CF925C95F4000B293A2 /* ProteinListModel.swift */; };
		008E5CFC25C962A300B293A2 /* ligands.txt in Resources */ = {isa = PBXBuildFile; fileRef = 008E5CFB25C962A300B293A2 /* ligands.txt */; };
		008E5CFF25C96C4A00B293A2 /* LigandDownloader.swift in Sources */ = {isa = PBXBuildFile; fileRef = 008E5CFE25C96C4A00B293A2 /* LigandDownloader.swift */; };
		008E5D0225C9956E00B293A2 /* LigandStructure.swift in Sources */ = {isa = PBXBuildFile; fileRef = 008E5D0125C9956E00B293A2 /* LigandStructure.swift */; };
		290FEA9225D3CCE4008ED027 /* PeriodicElemestsStructures.swift in Sources */ = {isa = PBXBuildFile; fileRef = 290FEA9125D3CCE4008ED027 /* PeriodicElemestsStructures.swift */; };
		290FEA9525D3D383008ED027 /* PeriodicTableJSON.json in Resources */ = {isa = PBXBuildFile; fileRef = 290FEA9425D3D383008ED027 /* PeriodicTableJSON.json */; };
		293C14AF25D525020010C8F5 /* AtomInformationVC.swift in Sources */ = {isa = PBXBuildFile; fileRef = 293C14AE25D525020010C8F5 /* AtomInformationVC.swift */; };
		293C14B325D525330010C8F5 /* AtomInformationVC.storyboard in Resources */ = {isa = PBXBuildFile; fileRef = 293C14B225D525330010C8F5 /* AtomInformationVC.storyboard */; };
		296D5F7325D11A43000D95C5 /* ligands_new.txt in Resources */ = {isa = PBXBuildFile; fileRef = 296D5F7225D11A43000D95C5 /* ligands_new.txt */; };
		2988A9EE25C43CD100EB05A8 /* LigandSceneVC.swift in Sources */ = {isa = PBXBuildFile; fileRef = 2988A9ED25C43CD100EB05A8 /* LigandSceneVC.swift */; };
		2988A9F125C43E0100EB05A8 /* LigandSceneVC.storyboard in Resources */ = {isa = PBXBuildFile; fileRef = 2988A9F025C43E0100EB05A8 /* LigandSceneVC.storyboard */; };
/* End PBXBuildFile section */

/* Begin PBXFileReference section */
		004764FE25CC017300F1A1E4 /* LigandParser.swift */ = {isa = PBXFileReference; lastKnownFileType = sourcecode.swift; path = LigandParser.swift; sourceTree = "<group>"; };
		0047650025CC076E00F1A1E4 /* LigandManager.swift */ = {isa = PBXFileReference; lastKnownFileType = sourcecode.swift; path = LigandManager.swift; sourceTree = "<group>"; };
		0047650225CC1C8600F1A1E4 /* CustomErrors.swift */ = {isa = PBXFileReference; lastKnownFileType = sourcecode.swift; path = CustomErrors.swift; sourceTree = "<group>"; };
		00663F4425C2E4EF00D36116 /* ProteinListVC.storyboard */ = {isa = PBXFileReference; lastKnownFileType = file.storyboard; path = ProteinListVC.storyboard; sourceTree = "<group>"; };
		00663F4625C2E50B00D36116 /* ProteinListVC.swift */ = {isa = PBXFileReference; lastKnownFileType = sourcecode.swift; path = ProteinListVC.swift; sourceTree = "<group>"; };
		00879DDB25C2E20C00C7DFC3 /* SwiftyProteins.app */ = {isa = PBXFileReference; explicitFileType = wrapper.application; includeInIndex = 0; path = SwiftyProteins.app; sourceTree = BUILT_PRODUCTS_DIR; };
		00879DDE25C2E20C00C7DFC3 /* AppDelegate.swift */ = {isa = PBXFileReference; lastKnownFileType = sourcecode.swift; path = AppDelegate.swift; sourceTree = "<group>"; };
		00879DE225C2E20C00C7DFC3 /* LoginVC.swift */ = {isa = PBXFileReference; lastKnownFileType = sourcecode.swift; path = LoginVC.swift; sourceTree = "<group>"; };
		00879DE525C2E20C00C7DFC3 /* Base */ = {isa = PBXFileReference; lastKnownFileType = file.storyboard; name = Base; path = Base.lproj/LoginVC.storyboard; sourceTree = "<group>"; };
		00879DE725C2E20E00C7DFC3 /* Assets.xcassets */ = {isa = PBXFileReference; lastKnownFileType = folder.assetcatalog; path = Assets.xcassets; sourceTree = "<group>"; };
		00879DEA25C2E20E00C7DFC3 /* Base */ = {isa = PBXFileReference; lastKnownFileType = file.storyboard; name = Base; path = Base.lproj/LaunchScreen.storyboard; sourceTree = "<group>"; };
		00879DEC25C2E20E00C7DFC3 /* Info.plist */ = {isa = PBXFileReference; lastKnownFileType = text.plist.xml; path = Info.plist; sourceTree = "<group>"; };
		008E5CF925C95F4000B293A2 /* ProteinListModel.swift */ = {isa = PBXFileReference; lastKnownFileType = sourcecode.swift; path = ProteinListModel.swift; sourceTree = "<group>"; };
		008E5CFB25C962A300B293A2 /* ligands.txt */ = {isa = PBXFileReference; fileEncoding = 4; lastKnownFileType = text; path = ligands.txt; sourceTree = "<group>"; };
		008E5CFE25C96C4A00B293A2 /* LigandDownloader.swift */ = {isa = PBXFileReference; lastKnownFileType = sourcecode.swift; path = LigandDownloader.swift; sourceTree = "<group>"; };
		008E5D0125C9956E00B293A2 /* LigandStructure.swift */ = {isa = PBXFileReference; lastKnownFileType = sourcecode.swift; path = LigandStructure.swift; sourceTree = "<group>"; };
		290FEA9125D3CCE4008ED027 /* PeriodicElemestsStructures.swift */ = {isa = PBXFileReference; lastKnownFileType = sourcecode.swift; path = PeriodicElemestsStructures.swift; sourceTree = "<group>"; };
		290FEA9425D3D383008ED027 /* PeriodicTableJSON.json */ = {isa = PBXFileReference; fileEncoding = 4; lastKnownFileType = text.json; path = PeriodicTableJSON.json; sourceTree = "<group>"; };
		293C14AE25D525020010C8F5 /* AtomInformationVC.swift */ = {isa = PBXFileReference; lastKnownFileType = sourcecode.swift; path = AtomInformationVC.swift; sourceTree = "<group>"; };
		293C14B225D525330010C8F5 /* AtomInformationVC.storyboard */ = {isa = PBXFileReference; lastKnownFileType = file.storyboard; path = AtomInformationVC.storyboard; sourceTree = "<group>"; };
		296D5F7225D11A43000D95C5 /* ligands_new.txt */ = {isa = PBXFileReference; lastKnownFileType = text; path = ligands_new.txt; sourceTree = "<group>"; };
		2988A9ED25C43CD100EB05A8 /* LigandSceneVC.swift */ = {isa = PBXFileReference; lastKnownFileType = sourcecode.swift; path = LigandSceneVC.swift; sourceTree = "<group>"; };
		2988A9F025C43E0100EB05A8 /* LigandSceneVC.storyboard */ = {isa = PBXFileReference; lastKnownFileType = file.storyboard; path = LigandSceneVC.storyboard; sourceTree = "<group>"; };
/* End PBXFileReference section */

/* Begin PBXFrameworksBuildPhase section */
		00879DD825C2E20C00C7DFC3 /* Frameworks */ = {
			isa = PBXFrameworksBuildPhase;
			buildActionMask = 2147483647;
			files = (
			);
			runOnlyForDeploymentPostprocessing = 0;
		};
/* End PBXFrameworksBuildPhase section */

/* Begin PBXGroup section */
		00663F4125C2E46A00D36116 /* LoginVC */ = {
			isa = PBXGroup;
			children = (
				00879DE225C2E20C00C7DFC3 /* LoginVC.swift */,
				00879DE425C2E20C00C7DFC3 /* LoginVC.storyboard */,
			);
			name = LoginVC;
			sourceTree = "<group>";
		};
		00663F4225C2E47B00D36116 /* ProteinListVC */ = {
			isa = PBXGroup;
			children = (
				00663F4425C2E4EF00D36116 /* ProteinListVC.storyboard */,
				00663F4625C2E50B00D36116 /* ProteinListVC.swift */,
				008E5CF925C95F4000B293A2 /* ProteinListModel.swift */,
			);
			name = ProteinListVC;
			sourceTree = "<group>";
		};
		00663F4325C2E49D00D36116 /* SupportFiles */ = {
			isa = PBXGroup;
			children = (
				290FEA9425D3D383008ED027 /* PeriodicTableJSON.json */,
				00879DE725C2E20E00C7DFC3 /* Assets.xcassets */,
				00879DDE25C2E20C00C7DFC3 /* AppDelegate.swift */,
				00879DE925C2E20E00C7DFC3 /* LaunchScreen.storyboard */,
				00879DEC25C2E20E00C7DFC3 /* Info.plist */,
				008E5CFB25C962A300B293A2 /* ligands.txt */,
				296D5F7225D11A43000D95C5 /* ligands_new.txt */,
			);
			name = SupportFiles;
			sourceTree = "<group>";
		};
		00879DD225C2E20C00C7DFC3 = {
			isa = PBXGroup;
			children = (
				00879DDD25C2E20C00C7DFC3 /* SwiftyProteins */,
				00879DDC25C2E20C00C7DFC3 /* Products */,
			);
			sourceTree = "<group>";
		};
		00879DDC25C2E20C00C7DFC3 /* Products */ = {
			isa = PBXGroup;
			children = (
				00879DDB25C2E20C00C7DFC3 /* SwiftyProteins.app */,
			);
			name = Products;
			sourceTree = "<group>";
		};
		00879DDD25C2E20C00C7DFC3 /* SwiftyProteins */ = {
			isa = PBXGroup;
			children = (
				008E5D0025C9955800B293A2 /* DataStructures */,
				008E5CFD25C96C3900B293A2 /* Managers */,
				00663F4225C2E47B00D36116 /* ProteinListVC */,
				293C14AD25D524340010C8F5 /* LigandsVC */,
				00663F4125C2E46A00D36116 /* LoginVC */,
				00663F4325C2E49D00D36116 /* SupportFiles */,
			);
			path = SwiftyProteins;
			sourceTree = "<group>";
		};
		008E5CFD25C96C3900B293A2 /* Managers */ = {
			isa = PBXGroup;
			children = (
				008E5CFE25C96C4A00B293A2 /* LigandDownloader.swift */,
				004764FE25CC017300F1A1E4 /* LigandParser.swift */,
				0047650025CC076E00F1A1E4 /* LigandManager.swift */,
			);
			name = Managers;
			sourceTree = "<group>";
		};
		008E5D0025C9955800B293A2 /* DataStructures */ = {
			isa = PBXGroup;
			children = (
				008E5D0125C9956E00B293A2 /* LigandStructure.swift */,
				0047650225CC1C8600F1A1E4 /* CustomErrors.swift */,
				290FEA9125D3CCE4008ED027 /* PeriodicElemestsStructures.swift */,
			);
			name = DataStructures;
			sourceTree = "<group>";
		};
		293C14AD25D524340010C8F5 /* LigandsVC */ = {
			isa = PBXGroup;
			children = (
				293C14AE25D525020010C8F5 /* AtomInformationVC.swift */,
				293C14B225D525330010C8F5 /* AtomInformationVC.storyboard */,
				2988A9ED25C43CD100EB05A8 /* LigandSceneVC.swift */,
				2988A9F025C43E0100EB05A8 /* LigandSceneVC.storyboard */,
			);
			path = LigandsVC;
			sourceTree = "<group>";
		};
/* End PBXGroup section */

/* Begin PBXNativeTarget section */
		00879DDA25C2E20C00C7DFC3 /* SwiftyProteins */ = {
			isa = PBXNativeTarget;
			buildConfigurationList = 00879DEF25C2E20E00C7DFC3 /* Build configuration list for PBXNativeTarget "SwiftyProteins" */;
			buildPhases = (
				00879DD725C2E20C00C7DFC3 /* Sources */,
				00879DD825C2E20C00C7DFC3 /* Frameworks */,
				00879DD925C2E20C00C7DFC3 /* Resources */,
			);
			buildRules = (
			);
			dependencies = (
			);
			name = SwiftyProteins;
			productName = SwiftyProteins;
			productReference = 00879DDB25C2E20C00C7DFC3 /* SwiftyProteins.app */;
			productType = "com.apple.product-type.application";
		};
/* End PBXNativeTarget section */

/* Begin PBXProject section */
		00879DD325C2E20C00C7DFC3 /* Project object */ = {
			isa = PBXProject;
			attributes = {
				LastSwiftUpdateCheck = 1170;
				LastUpgradeCheck = 1240;
				ORGANIZATIONNAME = home;
				TargetAttributes = {
					00879DDA25C2E20C00C7DFC3 = {
						CreatedOnToolsVersion = 11.7;
					};
				};
			};
			buildConfigurationList = 00879DD625C2E20C00C7DFC3 /* Build configuration list for PBXProject "SwiftyProteins" */;
			compatibilityVersion = "Xcode 9.3";
			developmentRegion = en;
			hasScannedForEncodings = 0;
			knownRegions = (
				en,
				Base,
			);
			mainGroup = 00879DD225C2E20C00C7DFC3;
			productRefGroup = 00879DDC25C2E20C00C7DFC3 /* Products */;
			projectDirPath = "";
			projectRoot = "";
			targets = (
				00879DDA25C2E20C00C7DFC3 /* SwiftyProteins */,
			);
		};
/* End PBXProject section */

/* Begin PBXResourcesBuildPhase section */
		00879DD925C2E20C00C7DFC3 /* Resources */ = {
			isa = PBXResourcesBuildPhase;
			buildActionMask = 2147483647;
			files = (
				00879DEB25C2E20E00C7DFC3 /* LaunchScreen.storyboard in Resources */,
				296D5F7325D11A43000D95C5 /* ligands_new.txt in Resources */,
				008E5CFC25C962A300B293A2 /* ligands.txt in Resources */,
				00663F4525C2E4EF00D36116 /* ProteinListVC.storyboard in Resources */,
				293C14B325D525330010C8F5 /* AtomInformationVC.storyboard in Resources */,
				00879DE825C2E20E00C7DFC3 /* Assets.xcassets in Resources */,
				2988A9F125C43E0100EB05A8 /* LigandSceneVC.storyboard in Resources */,
				00879DE625C2E20C00C7DFC3 /* LoginVC.storyboard in Resources */,
				290FEA9525D3D383008ED027 /* PeriodicTableJSON.json in Resources */,
			);
			runOnlyForDeploymentPostprocessing = 0;
		};
/* End PBXResourcesBuildPhase section */

/* Begin PBXSourcesBuildPhase section */
		00879DD725C2E20C00C7DFC3 /* Sources */ = {
			isa = PBXSourcesBuildPhase;
			buildActionMask = 2147483647;
			files = (
				008E5D0225C9956E00B293A2 /* LigandStructure.swift in Sources */,
				0047650325CC1C8700F1A1E4 /* CustomErrors.swift in Sources */,
				008E5CFF25C96C4A00B293A2 /* LigandDownloader.swift in Sources */,
				00663F4725C2E50B00D36116 /* ProteinListVC.swift in Sources */,
				00879DE325C2E20C00C7DFC3 /* LoginVC.swift in Sources */,
				2988A9EE25C43CD100EB05A8 /* LigandSceneVC.swift in Sources */,
				293C14AF25D525020010C8F5 /* AtomInformationVC.swift in Sources */,
				008E5CFA25C95F4000B293A2 /* ProteinListModel.swift in Sources */,
				290FEA9225D3CCE4008ED027 /* PeriodicElemestsStructures.swift in Sources */,
				004764FF25CC017300F1A1E4 /* LigandParser.swift in Sources */,
				00879DDF25C2E20C00C7DFC3 /* AppDelegate.swift in Sources */,
				0047650125CC076E00F1A1E4 /* LigandManager.swift in Sources */,
			);
			runOnlyForDeploymentPostprocessing = 0;
		};
/* End PBXSourcesBuildPhase section */

/* Begin PBXVariantGroup section */
		00879DE425C2E20C00C7DFC3 /* LoginVC.storyboard */ = {
			isa = PBXVariantGroup;
			children = (
				00879DE525C2E20C00C7DFC3 /* Base */,
			);
			name = LoginVC.storyboard;
			sourceTree = "<group>";
		};
		00879DE925C2E20E00C7DFC3 /* LaunchScreen.storyboard */ = {
			isa = PBXVariantGroup;
			children = (
				00879DEA25C2E20E00C7DFC3 /* Base */,
			);
			name = LaunchScreen.storyboard;
			sourceTree = "<group>";
		};
/* End PBXVariantGroup section */

/* Begin XCBuildConfiguration section */
		00879DED25C2E20E00C7DFC3 /* Debug */ = {
			isa = XCBuildConfiguration;
			buildSettings = {
				ALWAYS_SEARCH_USER_PATHS = NO;
				CLANG_ANALYZER_NONNULL = YES;
				CLANG_ANALYZER_NUMBER_OBJECT_CONVERSION = YES_AGGRESSIVE;
				CLANG_CXX_LANGUAGE_STANDARD = "gnu++14";
				CLANG_CXX_LIBRARY = "libc++";
				CLANG_ENABLE_MODULES = YES;
				CLANG_ENABLE_OBJC_ARC = YES;
				CLANG_ENABLE_OBJC_WEAK = YES;
				CLANG_WARN_BLOCK_CAPTURE_AUTORELEASING = YES;
				CLANG_WARN_BOOL_CONVERSION = YES;
				CLANG_WARN_COMMA = YES;
				CLANG_WARN_CONSTANT_CONVERSION = YES;
				CLANG_WARN_DEPRECATED_OBJC_IMPLEMENTATIONS = YES;
				CLANG_WARN_DIRECT_OBJC_ISA_USAGE = YES_ERROR;
				CLANG_WARN_DOCUMENTATION_COMMENTS = YES;
				CLANG_WARN_EMPTY_BODY = YES;
				CLANG_WARN_ENUM_CONVERSION = YES;
				CLANG_WARN_INFINITE_RECURSION = YES;
				CLANG_WARN_INT_CONVERSION = YES;
				CLANG_WARN_NON_LITERAL_NULL_CONVERSION = YES;
				CLANG_WARN_OBJC_IMPLICIT_RETAIN_SELF = YES;
				CLANG_WARN_OBJC_LITERAL_CONVERSION = YES;
				CLANG_WARN_OBJC_ROOT_CLASS = YES_ERROR;
				CLANG_WARN_QUOTED_INCLUDE_IN_FRAMEWORK_HEADER = YES;
				CLANG_WARN_RANGE_LOOP_ANALYSIS = YES;
				CLANG_WARN_STRICT_PROTOTYPES = YES;
				CLANG_WARN_SUSPICIOUS_MOVE = YES;
				CLANG_WARN_UNGUARDED_AVAILABILITY = YES_AGGRESSIVE;
				CLANG_WARN_UNREACHABLE_CODE = YES;
				CLANG_WARN__DUPLICATE_METHOD_MATCH = YES;
				COPY_PHASE_STRIP = NO;
				DEBUG_INFORMATION_FORMAT = dwarf;
				ENABLE_STRICT_OBJC_MSGSEND = YES;
				ENABLE_TESTABILITY = YES;
				GCC_C_LANGUAGE_STANDARD = gnu11;
				GCC_DYNAMIC_NO_PIC = NO;
				GCC_NO_COMMON_BLOCKS = YES;
				GCC_OPTIMIZATION_LEVEL = 0;
				GCC_PREPROCESSOR_DEFINITIONS = (
					"DEBUG=1",
					"$(inherited)",
				);
				GCC_WARN_64_TO_32_BIT_CONVERSION = YES;
				GCC_WARN_ABOUT_RETURN_TYPE = YES_ERROR;
				GCC_WARN_UNDECLARED_SELECTOR = YES;
				GCC_WARN_UNINITIALIZED_AUTOS = YES_AGGRESSIVE;
				GCC_WARN_UNUSED_FUNCTION = YES;
				GCC_WARN_UNUSED_VARIABLE = YES;
				IPHONEOS_DEPLOYMENT_TARGET = 13.7;
				MTL_ENABLE_DEBUG_INFO = INCLUDE_SOURCE;
				MTL_FAST_MATH = YES;
				ONLY_ACTIVE_ARCH = YES;
				SDKROOT = iphoneos;
				SWIFT_ACTIVE_COMPILATION_CONDITIONS = DEBUG;
				SWIFT_OPTIMIZATION_LEVEL = "-Onone";
			};
			name = Debug;
		};
		00879DEE25C2E20E00C7DFC3 /* Release */ = {
			isa = XCBuildConfiguration;
			buildSettings = {
				ALWAYS_SEARCH_USER_PATHS = NO;
				CLANG_ANALYZER_NONNULL = YES;
				CLANG_ANALYZER_NUMBER_OBJECT_CONVERSION = YES_AGGRESSIVE;
				CLANG_CXX_LANGUAGE_STANDARD = "gnu++14";
				CLANG_CXX_LIBRARY = "libc++";
				CLANG_ENABLE_MODULES = YES;
				CLANG_ENABLE_OBJC_ARC = YES;
				CLANG_ENABLE_OBJC_WEAK = YES;
				CLANG_WARN_BLOCK_CAPTURE_AUTORELEASING = YES;
				CLANG_WARN_BOOL_CONVERSION = YES;
				CLANG_WARN_COMMA = YES;
				CLANG_WARN_CONSTANT_CONVERSION = YES;
				CLANG_WARN_DEPRECATED_OBJC_IMPLEMENTATIONS = YES;
				CLANG_WARN_DIRECT_OBJC_ISA_USAGE = YES_ERROR;
				CLANG_WARN_DOCUMENTATION_COMMENTS = YES;
				CLANG_WARN_EMPTY_BODY = YES;
				CLANG_WARN_ENUM_CONVERSION = YES;
				CLANG_WARN_INFINITE_RECURSION = YES;
				CLANG_WARN_INT_CONVERSION = YES;
				CLANG_WARN_NON_LITERAL_NULL_CONVERSION = YES;
				CLANG_WARN_OBJC_IMPLICIT_RETAIN_SELF = YES;
				CLANG_WARN_OBJC_LITERAL_CONVERSION = YES;
				CLANG_WARN_OBJC_ROOT_CLASS = YES_ERROR;
				CLANG_WARN_QUOTED_INCLUDE_IN_FRAMEWORK_HEADER = YES;
				CLANG_WARN_RANGE_LOOP_ANALYSIS = YES;
				CLANG_WARN_STRICT_PROTOTYPES = YES;
				CLANG_WARN_SUSPICIOUS_MOVE = YES;
				CLANG_WARN_UNGUARDED_AVAILABILITY = YES_AGGRESSIVE;
				CLANG_WARN_UNREACHABLE_CODE = YES;
				CLANG_WARN__DUPLICATE_METHOD_MATCH = YES;
				COPY_PHASE_STRIP = NO;
				DEBUG_INFORMATION_FORMAT = "dwarf-with-dsym";
				ENABLE_NS_ASSERTIONS = NO;
				ENABLE_STRICT_OBJC_MSGSEND = YES;
				GCC_C_LANGUAGE_STANDARD = gnu11;
				GCC_NO_COMMON_BLOCKS = YES;
				GCC_WARN_64_TO_32_BIT_CONVERSION = YES;
				GCC_WARN_ABOUT_RETURN_TYPE = YES_ERROR;
				GCC_WARN_UNDECLARED_SELECTOR = YES;
				GCC_WARN_UNINITIALIZED_AUTOS = YES_AGGRESSIVE;
				GCC_WARN_UNUSED_FUNCTION = YES;
				GCC_WARN_UNUSED_VARIABLE = YES;
				IPHONEOS_DEPLOYMENT_TARGET = 13.7;
				MTL_ENABLE_DEBUG_INFO = NO;
				MTL_FAST_MATH = YES;
				SDKROOT = iphoneos;
				SWIFT_COMPILATION_MODE = wholemodule;
				SWIFT_OPTIMIZATION_LEVEL = "-O";
				VALIDATE_PRODUCT = YES;
			};
			name = Release;
		};
		00879DF025C2E20E00C7DFC3 /* Debug */ = {
			isa = XCBuildConfiguration;
			buildSettings = {
				ASSETCATALOG_COMPILER_APPICON_NAME = AppIcon;
				CODE_SIGN_STYLE = Automatic;
				DEVELOPMENT_TEAM = 7SNPDG93FF;
				INFOPLIST_FILE = SwiftyProteins/Info.plist;
				IPHONEOS_DEPLOYMENT_TARGET = 13.0;
				LD_RUNPATH_SEARCH_PATHS = (
					"$(inherited)",
					"@executable_path/Frameworks",
				);
				PRODUCT_BUNDLE_IDENTIFIER = widraugr.SwiftyProteins;
				PRODUCT_NAME = "$(TARGET_NAME)";
				SWIFT_VERSION = 5.0;
				TARGETED_DEVICE_FAMILY = 1;
			};
			name = Debug;
		};
		00879DF125C2E20E00C7DFC3 /* Release */ = {
			isa = XCBuildConfiguration;
			buildSettings = {
				ASSETCATALOG_COMPILER_APPICON_NAME = AppIcon;
				CODE_SIGN_STYLE = Automatic;
				DEVELOPMENT_TEAM = 7SNPDG93FF;
				INFOPLIST_FILE = SwiftyProteins/Info.plist;
				IPHONEOS_DEPLOYMENT_TARGET = 13.0;
				LD_RUNPATH_SEARCH_PATHS = (
					"$(inherited)",
					"@executable_path/Frameworks",
				);
				PRODUCT_BUNDLE_IDENTIFIER = widraugr.SwiftyProteins;
				PRODUCT_NAME = "$(TARGET_NAME)";
				SWIFT_VERSION = 5.0;
				TARGETED_DEVICE_FAMILY = 1;
			};
			name = Release;
		};
/* End XCBuildConfiguration section */

/* Begin XCConfigurationList section */
		00879DD625C2E20C00C7DFC3 /* Build configuration list for PBXProject "SwiftyProteins" */ = {
			isa = XCConfigurationList;
			buildConfigurations = (
				00879DED25C2E20E00C7DFC3 /* Debug */,
				00879DEE25C2E20E00C7DFC3 /* Release */,
			);
			defaultConfigurationIsVisible = 0;
			defaultConfigurationName = Release;
		};
		00879DEF25C2E20E00C7DFC3 /* Build configuration list for PBXNativeTarget "SwiftyProteins" */ = {
			isa = XCConfigurationList;
			buildConfigurations = (
				00879DF025C2E20E00C7DFC3 /* Debug */,
				00879DF125C2E20E00C7DFC3 /* Release */,
			);
			defaultConfigurationIsVisible = 0;
			defaultConfigurationName = Release;
		};
/* End XCConfigurationList section */
	};
	rootObject = 00879DD325C2E20C00C7DFC3 /* Project object */;
}
